
Microsoft Visual Studio Solution File, Format Version 12.00
Project("{FAE04EC0-301F-11D3-BF4B-00C04F79EFBC}") = "DragonBall", "DragonBall\DragonBall.csproj", "{F533B9D2-A30A-4F83-B522-531EAFCCAC60}"
EndProject
Global
	GlobalSection(SolutionConfigurationPlatforms) = preSolution
		Debug|Any CPU = Debug|Any CPU
		Release|Any CPU = Release|Any CPU
	EndGlobalSection
	GlobalSection(ProjectConfigurationPlatforms) = postSolution
		{F533B9D2-A30A-4F83-B522-531EAFCCAC60}.Debug|Any CPU.ActiveCfg = Debug|Any CPU
		{F533B9D2-A30A-4F83-B522-531EAFCCAC60}.Debug|Any CPU.Build.0 = Debug|Any CPU
		{F533B9D2-A30A-4F83-B522-531EAFCCAC60}.Release|Any CPU.ActiveCfg = Release|Any CPU
		{F533B9D2-A30A-4F83-B522-531EAFCCAC60}.Release|Any CPU.Build.0 = Release|Any CPU
	EndGlobalSection
EndGlobal
